# This file is generated by running "yarn install" inside your project.
# Manual changes might be lost - proceed with caution!

__metadata:
  version: 6
  cacheKey: 8

"@babel/generator@npm:^7.17.3":
  version: 7.17.3
  resolution: "@babel/generator@npm:7.17.3"
  dependencies:
    "@babel/types": ^7.17.0
    jsesc: ^2.5.1
    source-map: ^0.5.0
  checksum: ddf70e3489976018dfc2da8b9f43ec8c582cac2da681ed4a6227c53b26a9626223e4dca90098b3d3afe43bc67f20160856240e826c56b48e577f34a5a7e22b9f
  languageName: node
  linkType: hard

"@babel/helper-validator-identifier@npm:^7.16.7":
  version: 7.16.7
  resolution: "@babel/helper-validator-identifier@npm:7.16.7"
  checksum: dbb3db9d184343152520a209b5684f5e0ed416109cde82b428ca9c759c29b10c7450657785a8b5c5256aa74acc6da491c1f0cf6b784939f7931ef82982051b69
  languageName: node
  linkType: hard

"@babel/parser@npm:^7.17.3":
  version: 7.17.3
  resolution: "@babel/parser@npm:7.17.3"
  bin:
    parser: ./bin/babel-parser.js
  checksum: 311869baef97c7630ac3b3c4600da18229b95aa2785b2daab2044384745fe0653070916ade28749fb003f7369a081111ada53e37284ba48d6b5858cbb9e411d1
  languageName: node
  linkType: hard

"@babel/types@npm:^7.17.0, @babel/types@npm:^7.8.3":
  version: 7.17.0
  resolution: "@babel/types@npm:7.17.0"
  dependencies:
    "@babel/helper-validator-identifier": ^7.16.7
    to-fast-properties: ^2.0.0
  checksum: 12e5a287986fe557188e87b2c5202223f1dc83d9239a196ab936fdb9f8c1eb0be717ff19f934b5fad4e29a75586d5798f74bed209bccea1c20376b9952056f0e
  languageName: node
  linkType: hard

"@colocate/monorepo@workspace:.":
  version: 0.0.0-use.local
  resolution: "@colocate/monorepo@workspace:."
  dependencies:
    prettier: ^2.5.1
    typescript: ^4.5.5
  languageName: unknown
  linkType: soft

"@colocate/transform@workspace:transform":
  version: 0.0.0-use.local
  resolution: "@colocate/transform@workspace:transform"
  dependencies:
    "@babel/generator": ^7.17.3
    "@babel/parser": ^7.17.3
    "@types/node": ^17.0.21
    memfs: ^3.4.1
    outdent: ^0.8.0
    tsm: ^2.2.1
    typescript: ^4.5.5
    zora: ^5.0.3
  languageName: unknown
  linkType: soft

"@types/node@npm:^17.0.21":
  version: 17.0.21
  resolution: "@types/node@npm:17.0.21"
  checksum: 89dcd2fe82f21d3634266f8384e9c865cf8af49685639fbdbd799bdd1040480fb1e8eeda2d3b9fce41edbe704d2a4be9f427118c4ae872e8d9bb7cbeb3c41a94
  languageName: node
  linkType: hard

"esbuild-android-arm64@npm:0.14.23":
  version: 0.14.23
  resolution: "esbuild-android-arm64@npm:0.14.23"
  conditions: os=android & cpu=arm64
  languageName: node
  linkType: hard

"esbuild-darwin-64@npm:0.14.23":
  version: 0.14.23
  resolution: "esbuild-darwin-64@npm:0.14.23"
  conditions: os=darwin & cpu=x64
  languageName: node
  linkType: hard

"esbuild-darwin-arm64@npm:0.14.23":
  version: 0.14.23
  resolution: "esbuild-darwin-arm64@npm:0.14.23"
  conditions: os=darwin & cpu=arm64
  languageName: node
  linkType: hard

"esbuild-freebsd-64@npm:0.14.23":
  version: 0.14.23
  resolution: "esbuild-freebsd-64@npm:0.14.23"
  conditions: os=freebsd & cpu=x64
  languageName: node
  linkType: hard

"esbuild-freebsd-arm64@npm:0.14.23":
  version: 0.14.23
  resolution: "esbuild-freebsd-arm64@npm:0.14.23"
  conditions: os=freebsd & cpu=arm64
  languageName: node
  linkType: hard

"esbuild-linux-32@npm:0.14.23":
  version: 0.14.23
  resolution: "esbuild-linux-32@npm:0.14.23"
  conditions: os=linux & cpu=ia32
  languageName: node
  linkType: hard

"esbuild-linux-64@npm:0.14.23":
  version: 0.14.23
  resolution: "esbuild-linux-64@npm:0.14.23"
  conditions: os=linux & cpu=x64
  languageName: node
  linkType: hard

"esbuild-linux-arm64@npm:0.14.23":
  version: 0.14.23
  resolution: "esbuild-linux-arm64@npm:0.14.23"
  conditions: os=linux & cpu=arm64
  languageName: node
  linkType: hard

"esbuild-linux-arm@npm:0.14.23":
  version: 0.14.23
  resolution: "esbuild-linux-arm@npm:0.14.23"
  conditions: os=linux & cpu=arm
  languageName: node
  linkType: hard

"esbuild-linux-mips64le@npm:0.14.23":
  version: 0.14.23
  resolution: "esbuild-linux-mips64le@npm:0.14.23"
  conditions: os=linux & cpu=mips64el
  languageName: node
  linkType: hard

"esbuild-linux-ppc64le@npm:0.14.23":
  version: 0.14.23
  resolution: "esbuild-linux-ppc64le@npm:0.14.23"
  conditions: os=linux & cpu=ppc64
  languageName: node
  linkType: hard

"esbuild-linux-riscv64@npm:0.14.23":
  version: 0.14.23
  resolution: "esbuild-linux-riscv64@npm:0.14.23"
  conditions: os=linux & cpu=riscv64
  languageName: node
  linkType: hard

"esbuild-linux-s390x@npm:0.14.23":
  version: 0.14.23
  resolution: "esbuild-linux-s390x@npm:0.14.23"
  conditions: os=linux & cpu=s390x
  languageName: node
  linkType: hard

"esbuild-netbsd-64@npm:0.14.23":
  version: 0.14.23
  resolution: "esbuild-netbsd-64@npm:0.14.23"
  conditions: os=netbsd & cpu=x64
  languageName: node
  linkType: hard

"esbuild-openbsd-64@npm:0.14.23":
  version: 0.14.23
  resolution: "esbuild-openbsd-64@npm:0.14.23"
  conditions: os=openbsd & cpu=x64
  languageName: node
  linkType: hard

"esbuild-sunos-64@npm:0.14.23":
  version: 0.14.23
  resolution: "esbuild-sunos-64@npm:0.14.23"
  conditions: os=sunos & cpu=x64
  languageName: node
  linkType: hard

"esbuild-windows-32@npm:0.14.23":
  version: 0.14.23
  resolution: "esbuild-windows-32@npm:0.14.23"
  conditions: os=win32 & cpu=ia32
  languageName: node
  linkType: hard

"esbuild-windows-64@npm:0.14.23":
  version: 0.14.23
  resolution: "esbuild-windows-64@npm:0.14.23"
  conditions: os=win32 & cpu=x64
  languageName: node
  linkType: hard

"esbuild-windows-arm64@npm:0.14.23":
  version: 0.14.23
  resolution: "esbuild-windows-arm64@npm:0.14.23"
  conditions: os=win32 & cpu=arm64
  languageName: node
  linkType: hard

"esbuild@npm:^0.14.0":
  version: 0.14.23
  resolution: "esbuild@npm:0.14.23"
  dependencies:
    esbuild-android-arm64: 0.14.23
    esbuild-darwin-64: 0.14.23
    esbuild-darwin-arm64: 0.14.23
    esbuild-freebsd-64: 0.14.23
    esbuild-freebsd-arm64: 0.14.23
    esbuild-linux-32: 0.14.23
    esbuild-linux-64: 0.14.23
    esbuild-linux-arm: 0.14.23
    esbuild-linux-arm64: 0.14.23
    esbuild-linux-mips64le: 0.14.23
    esbuild-linux-ppc64le: 0.14.23
    esbuild-linux-riscv64: 0.14.23
    esbuild-linux-s390x: 0.14.23
    esbuild-netbsd-64: 0.14.23
    esbuild-openbsd-64: 0.14.23
    esbuild-sunos-64: 0.14.23
    esbuild-windows-32: 0.14.23
    esbuild-windows-64: 0.14.23
    esbuild-windows-arm64: 0.14.23
  dependenciesMeta:
    esbuild-android-arm64:
      optional: true
    esbuild-darwin-64:
      optional: true
    esbuild-darwin-arm64:
      optional: true
    esbuild-freebsd-64:
      optional: true
    esbuild-freebsd-arm64:
      optional: true
    esbuild-linux-32:
      optional: true
    esbuild-linux-64:
      optional: true
    esbuild-linux-arm:
      optional: true
    esbuild-linux-arm64:
      optional: true
    esbuild-linux-mips64le:
      optional: true
    esbuild-linux-ppc64le:
      optional: true
    esbuild-linux-riscv64:
      optional: true
    esbuild-linux-s390x:
      optional: true
    esbuild-netbsd-64:
      optional: true
    esbuild-openbsd-64:
      optional: true
    esbuild-sunos-64:
      optional: true
    esbuild-windows-32:
      optional: true
    esbuild-windows-64:
      optional: true
    esbuild-windows-arm64:
      optional: true
  bin:
    esbuild: bin/esbuild
  checksum: 41d26f9022a9f95a1ccf280fd6c2cf2684264663c03d5d4338bfab17710292b9c2ca45624ed55d9f37d7be5f29557ebd6d101b21ed5592fb0b6e6ac5e76bc58d
  languageName: node
  linkType: hard

"fs-monkey@npm:1.0.3":
  version: 1.0.3
  resolution: "fs-monkey@npm:1.0.3"
  checksum: cf50804833f9b88a476911ae911fe50f61a98d986df52f890bd97e7262796d023698cb2309fa9b74fdd8974f04315b648748a0a8ee059e7d5257b293bfc409c0
  languageName: node
  linkType: hard

"jsesc@npm:^2.5.1":
  version: 2.5.2
  resolution: "jsesc@npm:2.5.2"
  bin:
    jsesc: bin/jsesc
  checksum: 4dc190771129e12023f729ce20e1e0bfceac84d73a85bc3119f7f938843fe25a4aeccb54b6494dce26fcf263d815f5f31acdefac7cc9329efb8422a4f4d9fa9d
  languageName: node
  linkType: hard

"memfs@npm:^3.4.1":
  version: 3.4.1
  resolution: "memfs@npm:3.4.1"
  dependencies:
    fs-monkey: 1.0.3
  checksum: 6d2f49d447d1be24ff9c747618933784eeb059189bc6a0d77b7a51c7daf06e2d3a74674a2e2ff1520e2c312bf91e719ed37144cf05087379b3ba0aef0b6aa062
  languageName: node
  linkType: hard

"outdent@npm:^0.8.0":
  version: 0.8.0
  resolution: "outdent@npm:0.8.0"
  checksum: 72b7c1a287674317ea477999ec24e73a9eda21de35eb9429218f4a5bab899e964afaee7508265898118fee5cbee1d79397916b66dd8aeee285cd948ea5b1f562
  languageName: node
  linkType: hard

"prettier@npm:^2.5.1":
  version: 2.5.1
  resolution: "prettier@npm:2.5.1"
  bin:
    prettier: bin-prettier.js
  checksum: 21b9408476ea1c544b0e45d51ceb94a84789ff92095abb710942d780c862d0daebdb29972d47f6b4d0f7ebbfb0ffbf56cc2cfa3e3e9d1cca54864af185b15b66
  languageName: node
  linkType: hard

"source-map@npm:^0.5.0":
  version: 0.5.7
  resolution: "source-map@npm:0.5.7"
  checksum: 5dc2043b93d2f194142c7f38f74a24670cd7a0063acdaf4bf01d2964b402257ae843c2a8fa822ad5b71013b5fcafa55af7421383da919752f22ff488bc553f4d
  languageName: node
  linkType: hard

"to-fast-properties@npm:^2.0.0":
  version: 2.0.0
  resolution: "to-fast-properties@npm:2.0.0"
  checksum: be2de62fe58ead94e3e592680052683b1ec986c72d589e7b21e5697f8744cdbf48c266fa72f6c15932894c10187b5f54573a3bcf7da0bfd964d5caf23d436168
  languageName: node
  linkType: hard

"tsm@npm:^2.2.1":
  version: 2.2.1
  resolution: "tsm@npm:2.2.1"
  dependencies:
    esbuild: ^0.14.0
  bin:
    tsm: bin.js
  checksum: ec9c0c59f04645c48e9c54957eeb3bc2eebf74da0275d37d5508875c8b1e61e6aafda0f82d9ee2f0ea3340f1e80a5a07d28ae1576a3b7ba936226cf42cc450ac
  languageName: node
  linkType: hard

"typescript@npm:^4.5.5":
  version: 4.5.5
  resolution: "typescript@npm:4.5.5"
  bin:
    tsc: bin/tsc
    tsserver: bin/tsserver
  checksum: 506f4c919dc8aeaafa92068c997f1d213b9df4d9756d0fae1a1e7ab66b585ab3498050e236113a1c9e57ee08c21ec6814ca7a7f61378c058d79af50a4b1f5a5e
  languageName: node
  linkType: hard

"typescript@patch:typescript@^4.5.5#~builtin<compat/typescript>":
  version: 4.5.5
  resolution: "typescript@patch:typescript@npm%3A4.5.5#~builtin<compat/typescript>::version=4.5.5&hash=bda367"
  bin:
    tsc: bin/tsc
    tsserver: bin/tsserver
  checksum: 858c61fa63f7274ca4aaaffeced854d550bf416cff6e558c4884041b3311fb662f476f167cf5c9f8680c607239797e26a2ee0bcc6467fbc05bfcb218e1c6c671
  languageName: node
  linkType: hard

"zora@npm:^5.0.3":
  version: 5.0.3
  resolution: "zora@npm:5.0.3"
  checksum: c57f99460d78cde29c3d26f5f7eb0218cc978bbfb25385669ee49b4ccaeaf1cb83edea084e0462a2ba6bbfa2c52e4123258f40a516f79a1786f6ce90267ba545
  languageName: node
  linkType: hard
